
Microsoft Visual Studio Solution File, Format Version 12.00
# Visual Studio Version 16
VisualStudioVersion = 16.0.31205.134
MinimumVisualStudioVersion = 10.0.40219.1
Project("{FAE04EC0-301F-11D3-BF4B-00C04F79EFBC}") = "WebBasedMES", "WebBasedMES\WebBasedMES.csproj", "{B596ADA6-AFA0-4F11-93DA-22906A12CBA9}"
EndProject
Global
	GlobalSection(SolutionConfigurationPlatforms) = preSolution
		Debug|Any CPU = Debug|Any CPU
		Release|Any CPU = Release|Any CPU
	EndGlobalSection
	GlobalSection(ProjectConfigurationPlatforms) = postSolution
		{B596ADA6-AFA0-4F11-93DA-22906A12CBA9}.Debug|Any CPU.ActiveCfg = Debug|Any CPU
		{B596ADA6-AFA0-4F11-93DA-22906A12CBA9}.Debug|Any CPU.Build.0 = Debug|Any CPU
		{B596ADA6-AFA0-4F11-93DA-22906A12CBA9}.Release|Any CPU.ActiveCfg = Release|Any CPU
		{B596ADA6-AFA0-4F11-93DA-22906A12CBA9}.Release|Any CPU.Build.0 = Release|Any CPU
	EndGlobalSection
	GlobalSection(SolutionProperties) = preSolution
		HideSolutionNode = FALSE
	EndGlobalSection
	GlobalSection(ExtensibilityGlobals) = postSolution
		SolutionGuid = {83A98DE1-55E6-4CE8-A413-44F51251B9DC}
	EndGlobalSection
EndGlobal
